
Microsoft Visual Studio Solution File, Format Version 12.00
# Visual Studio Version 16
VisualStudioVersion = 16.0.31729.503
MinimumVisualStudioVersion = 10.0.40219.1
Project("{FAE04EC0-301F-11D3-BF4B-00C04F79EFBC}") = "toko cat", "toko cat\toko cat.csproj", "{CEFD6763-DAF2-48FB-BF08-1DC2990A8C6A}"
EndProject
Global
	GlobalSection(SolutionConfigurationPlatforms) = preSolution
		Debug|Any CPU = Debug|Any CPU
		Release|Any CPU = Release|Any CPU
	EndGlobalSection
	GlobalSection(ProjectConfigurationPlatforms) = postSolution
		{CEFD6763-DAF2-48FB-BF08-1DC2990A8C6A}.Debug|Any CPU.ActiveCfg = Debug|Any CPU
		{CEFD6763-DAF2-48FB-BF08-1DC2990A8C6A}.Debug|Any CPU.Build.0 = Debug|Any CPU
		{CEFD6763-DAF2-48FB-BF08-1DC2990A8C6A}.Release|Any CPU.ActiveCfg = Release|Any CPU
		{CEFD6763-DAF2-48FB-BF08-1DC2990A8C6A}.Release|Any CPU.Build.0 = Release|Any CPU
	EndGlobalSection
	GlobalSection(SolutionProperties) = preSolution
		HideSolutionNode = FALSE
	EndGlobalSection
	GlobalSection(ExtensibilityGlobals) = postSolution
		SolutionGuid = {36440D7D-77B9-466D-B9C4-F746AA181CB8}
	EndGlobalSection
EndGlobal
